
Microsoft Visual Studio Solution File, Format Version 12.00
# Visual Studio 2013
VisualStudioVersion = 12.0.21005.1
MinimumVisualStudioVersion = 10.0.40219.1
Project("{FAE04EC0-301F-11D3-BF4B-00C04F79EFBC}") = "comp2084-assignment2", "comp2084-assignment2\comp2084-assignment2.csproj", "{A9EF48EF-1911-4C07-AEF4-93AA4AD09BB8}"
EndProject
Global
	GlobalSection(SolutionConfigurationPlatforms) = preSolution
		Debug|Any CPU = Debug|Any CPU
		Release|Any CPU = Release|Any CPU
	EndGlobalSection
	GlobalSection(ProjectConfigurationPlatforms) = postSolution
		{A9EF48EF-1911-4C07-AEF4-93AA4AD09BB8}.Debug|Any CPU.ActiveCfg = Debug|Any CPU
		{A9EF48EF-1911-4C07-AEF4-93AA4AD09BB8}.Debug|Any CPU.Build.0 = Debug|Any CPU
		{A9EF48EF-1911-4C07-AEF4-93AA4AD09BB8}.Release|Any CPU.ActiveCfg = Release|Any CPU
		{A9EF48EF-1911-4C07-AEF4-93AA4AD09BB8}.Release|Any CPU.Build.0 = Release|Any CPU
	EndGlobalSection
	GlobalSection(SolutionProperties) = preSolution
		HideSolutionNode = FALSE
	EndGlobalSection
EndGlobal
